// !$*UTF8*$!
{
	archiveVersion = 1;
	classes = {
	};
	objectVersion = 48;
	objects = {

/* Begin PBXBuildFile section */
		8B0AD6BC20DA246700C82B28 /* DatabaseHandler.swift in Sources */ = {isa = PBXBuildFile; fileRef = 8B0AD6BB20DA246700C82B28 /* DatabaseHandler.swift */; };
		8B0AD6C620DA24E300C82B28 /* ChangePasswordViewController.swift in Sources */ = {isa = PBXBuildFile; fileRef = 8B0AD6BF20DA24E300C82B28 /* ChangePasswordViewController.swift */; };
		8B0AD6C720DA24E300C82B28 /* ProfileViewController.swift in Sources */ = {isa = PBXBuildFile; fileRef = 8B0AD6C020DA24E300C82B28 /* ProfileViewController.swift */; };
		8B0AD6C820DA24E300C82B28 /* User.swift in Sources */ = {isa = PBXBuildFile; fileRef = 8B0AD6C220DA24E300C82B28 /* User.swift */; };
		8B0AD6C920DA24E300C82B28 /* ProfilePicturePicker.swift in Sources */ = {isa = PBXBuildFile; fileRef = 8B0AD6C420DA24E300C82B28 /* ProfilePicturePicker.swift */; };
		8B0AD6CA20DA24E300C82B28 /* ProfileValidator.swift in Sources */ = {isa = PBXBuildFile; fileRef = 8B0AD6C520DA24E300C82B28 /* ProfileValidator.swift */; };
		8B0AD6D020DB731500C82B28 /* Config.swift in Sources */ = {isa = PBXBuildFile; fileRef = 8B0AD6CF20DB731500C82B28 /* Config.swift */; };
		8B0AD6D220DBAA6400C82B28 /* ForgotPasswordViewController.swift in Sources */ = {isa = PBXBuildFile; fileRef = 8B0AD6D120DBAA6400C82B28 /* ForgotPasswordViewController.swift */; };
		8B0AD6D520DBD1B500C82B28 /* placeholder.png in Resources */ = {isa = PBXBuildFile; fileRef = 8B0AD6D420DBD1B500C82B28 /* placeholder.png */; };
		8B0AD6D720DBD1C500C82B28 /* images.jpeg in Resources */ = {isa = PBXBuildFile; fileRef = 8B0AD6D620DBD1C500C82B28 /* images.jpeg */; };
		8B0D8C0220D238370098E0BF /* Reports.storyboard in Resources */ = {isa = PBXBuildFile; fileRef = 8B0D8C0120D238370098E0BF /* Reports.storyboard */; };
		8B0D8C0620D23C9D0098E0BF /* MerchantReportViewController.swift in Sources */ = {isa = PBXBuildFile; fileRef = 8B0D8C0520D23C9D0098E0BF /* MerchantReportViewController.swift */; };
		8B2534A720C7FD8B00E5B3CB /* GoogleService-Info.plist in Resources */ = {isa = PBXBuildFile; fileRef = 8B2534A620C7FD8A00E5B3CB /* GoogleService-Info.plist */; };
		8B2534AF20C8010A00E5B3CB /* OrderDetailViewController.swift in Sources */ = {isa = PBXBuildFile; fileRef = 8B2534AA20C8010A00E5B3CB /* OrderDetailViewController.swift */; };
		8B2534B120C8010A00E5B3CB /* OrderDetailTableView.swift in Sources */ = {isa = PBXBuildFile; fileRef = 8B2534AE20C8010A00E5B3CB /* OrderDetailTableView.swift */; };
		8B2534B420C8012500E5B3CB /* OrderDetail.storyboard in Resources */ = {isa = PBXBuildFile; fileRef = 8B2534B220C8012500E5B3CB /* OrderDetail.storyboard */; };
		8B2534B720C8031A00E5B3CB /* OrderDetail.swift in Sources */ = {isa = PBXBuildFile; fileRef = 8B2534B620C8031A00E5B3CB /* OrderDetail.swift */; };
		8B2A3F4D20B4201900F767BF /* Connectivity.swift in Sources */ = {isa = PBXBuildFile; fileRef = 8B2A3F4C20B4201900F767BF /* Connectivity.swift */; };
		8B42B00220B5819000293A7E /* PreferenceManager.swift in Sources */ = {isa = PBXBuildFile; fileRef = 8B42B00120B5819000293A7E /* PreferenceManager.swift */; };
		8B4F06DB20B2C711003B28B0 /* LoginViewController.swift in Sources */ = {isa = PBXBuildFile; fileRef = 8B4F06DA20B2C711003B28B0 /* LoginViewController.swift */; };
		8B4F06E320B2E976003B28B0 /* HomeViewController.swift in Sources */ = {isa = PBXBuildFile; fileRef = 8B4F06E220B2E976003B28B0 /* HomeViewController.swift */; };
		8B55E48820B862C000289F29 /* CustomViews.swift in Sources */ = {isa = PBXBuildFile; fileRef = 8B55E48720B862B700289F29 /* CustomViews.swift */; };
		8B55E48F20B8641100289F29 /* TPKeyboardAvoidingScrollView.m in Sources */ = {isa = PBXBuildFile; fileRef = 8B55E48C20B8641100289F29 /* TPKeyboardAvoidingScrollView.m */; };
		8B55E49020B8641100289F29 /* UIScrollView+TPKeyboardAvoidingAdditions.m in Sources */ = {isa = PBXBuildFile; fileRef = 8B55E48E20B8641100289F29 /* UIScrollView+TPKeyboardAvoidingAdditions.m */; };
		8B649E4320C1356C00CE3EC8 /* Main.storyboard in Resources */ = {isa = PBXBuildFile; fileRef = 8B649E4220C1356C00CE3EC8 /* Main.storyboard */; };
		8B7F975420B9E0D5006E4334 /* CategoryProductViewController.swift in Sources */ = {isa = PBXBuildFile; fileRef = 8B7F975320B9E0D5006E4334 /* CategoryProductViewController.swift */; };
		8B7F975620BA93E6006E4334 /* placeholder.png in Resources */ = {isa = PBXBuildFile; fileRef = 8B7F975520BA93E4006E4334 /* placeholder.png */; };
		8B7F975C20BAA285006E4334 /* Constants.swift in Sources */ = {isa = PBXBuildFile; fileRef = 8B7F975820BAA284006E4334 /* Constants.swift */; };
		8B7F975F20BAA285006E4334 /* Validate.swift in Sources */ = {isa = PBXBuildFile; fileRef = 8B7F975B20BAA284006E4334 /* Validate.swift */; };
		8B7F976120BABF4E006E4334 /* Category.swift in Sources */ = {isa = PBXBuildFile; fileRef = 8B7F976020BABF4E006E4334 /* Category.swift */; };
		8B7F976320BABF64006E4334 /* CategoryTableView.swift in Sources */ = {isa = PBXBuildFile; fileRef = 8B7F976220BABF64006E4334 /* CategoryTableView.swift */; };
		8B7F977120BB2E56006E4334 /* ProductViewController.swift in Sources */ = {isa = PBXBuildFile; fileRef = 8B7F976C20BB2E56006E4334 /* ProductViewController.swift */; };
		8B7F977220BB2E56006E4334 /* Product.swift in Sources */ = {isa = PBXBuildFile; fileRef = 8B7F976E20BB2E56006E4334 /* Product.swift */; };
		8B7F977320BB2E56006E4334 /* ProductCollection.swift in Sources */ = {isa = PBXBuildFile; fileRef = 8B7F977020BB2E56006E4334 /* ProductCollection.swift */; };
		8B7F977720BCE35F006E4334 /* ProductOperationsViewController.swift in Sources */ = {isa = PBXBuildFile; fileRef = 8B7F977620BCE35F006E4334 /* ProductOperationsViewController.swift */; };
		C383CC9620BD7F97007E83BE /* AddCategoryFormViewController.swift in Sources */ = {isa = PBXBuildFile; fileRef = C383CC9520BD7F97007E83BE /* AddCategoryFormViewController.swift */; };
		C383CC9A20BF093E007E83BE /* imageBackground.jpg in Resources */ = {isa = PBXBuildFile; fileRef = C383CC9920BF093C007E83BE /* imageBackground.jpg */; };
		C3AD1CD820C68314005A2068 /* SideMenuViewController.swift in Sources */ = {isa = PBXBuildFile; fileRef = C3AD1CD720C68314005A2068 /* SideMenuViewController.swift */; };
		C3C56D6120ADAA6500D2B351 /* AppDelegate.swift in Sources */ = {isa = PBXBuildFile; fileRef = C3C56D6020ADAA6500D2B351 /* AppDelegate.swift */; };
		C3C56D6320ADAA6500D2B351 /* ViewController.swift in Sources */ = {isa = PBXBuildFile; fileRef = C3C56D6220ADAA6500D2B351 /* ViewController.swift */; };
		C3C56D6920ADAA6500D2B351 /* Merchant_Cafe_App.xcdatamodeld in Sources */ = {isa = PBXBuildFile; fileRef = C3C56D6720ADAA6500D2B351 /* Merchant_Cafe_App.xcdatamodeld */; };
		C3C56D6B20ADAA6500D2B351 /* Assets.xcassets in Resources */ = {isa = PBXBuildFile; fileRef = C3C56D6A20ADAA6500D2B351 /* Assets.xcassets */; };
		C3C56D6E20ADAA6500D2B351 /* LaunchScreen.storyboard in Resources */ = {isa = PBXBuildFile; fileRef = C3C56D6C20ADAA6500D2B351 /* LaunchScreen.storyboard */; };
		F21DC6065265500F38A49CFE /* Pods_Merchant_Cafe_App.framework in Frameworks */ = {isa = PBXBuildFile; fileRef = 00CEC3F148E874CA2405AC5D /* Pods_Merchant_Cafe_App.framework */; };
/* End PBXBuildFile section */

/* Begin PBXFileReference section */
		00CEC3F148E874CA2405AC5D /* Pods_Merchant_Cafe_App.framework */ = {isa = PBXFileReference; explicitFileType = wrapper.framework; includeInIndex = 0; path = Pods_Merchant_Cafe_App.framework; sourceTree = BUILT_PRODUCTS_DIR; };
		33284F201A044C7BAD4F6780 /* Pods-Merchant Cafe App.release.xcconfig */ = {isa = PBXFileReference; includeInIndex = 1; lastKnownFileType = text.xcconfig; name = "Pods-Merchant Cafe App.release.xcconfig"; path = "Pods/Target Support Files/Pods-Merchant Cafe App/Pods-Merchant Cafe App.release.xcconfig"; sourceTree = "<group>"; };
		4A5071F0D008BAA3D2B87A0C /* Pods-Merchant Cafe App.debug.xcconfig */ = {isa = PBXFileReference; includeInIndex = 1; lastKnownFileType = text.xcconfig; name = "Pods-Merchant Cafe App.debug.xcconfig"; path = "Pods/Target Support Files/Pods-Merchant Cafe App/Pods-Merchant Cafe App.debug.xcconfig"; sourceTree = "<group>"; };
		8B0AD6BB20DA246700C82B28 /* DatabaseHandler.swift */ = {isa = PBXFileReference; fileEncoding = 4; lastKnownFileType = sourcecode.swift; path = DatabaseHandler.swift; sourceTree = "<group>"; };
		8B0AD6BF20DA24E300C82B28 /* ChangePasswordViewController.swift */ = {isa = PBXFileReference; fileEncoding = 4; lastKnownFileType = sourcecode.swift; path = ChangePasswordViewController.swift; sourceTree = "<group>"; };
		8B0AD6C020DA24E300C82B28 /* ProfileViewController.swift */ = {isa = PBXFileReference; fileEncoding = 4; lastKnownFileType = sourcecode.swift; path = ProfileViewController.swift; sourceTree = "<group>"; };
		8B0AD6C220DA24E300C82B28 /* User.swift */ = {isa = PBXFileReference; fileEncoding = 4; lastKnownFileType = sourcecode.swift; path = User.swift; sourceTree = "<group>"; };
		8B0AD6C420DA24E300C82B28 /* ProfilePicturePicker.swift */ = {isa = PBXFileReference; fileEncoding = 4; lastKnownFileType = sourcecode.swift; path = ProfilePicturePicker.swift; sourceTree = "<group>"; };
		8B0AD6C520DA24E300C82B28 /* ProfileValidator.swift */ = {isa = PBXFileReference; fileEncoding = 4; lastKnownFileType = sourcecode.swift; path = ProfileValidator.swift; sourceTree = "<group>"; };
		8B0AD6CB20DA68B000C82B28 /* Merchant Cafe App.entitlements */ = {isa = PBXFileReference; lastKnownFileType = text.plist.entitlements; path = "Merchant Cafe App.entitlements"; sourceTree = "<group>"; };
		8B0AD6CF20DB731500C82B28 /* Config.swift */ = {isa = PBXFileReference; lastKnownFileType = sourcecode.swift; path = Config.swift; sourceTree = "<group>"; };
		8B0AD6D120DBAA6400C82B28 /* ForgotPasswordViewController.swift */ = {isa = PBXFileReference; fileEncoding = 4; lastKnownFileType = sourcecode.swift; path = ForgotPasswordViewController.swift; sourceTree = "<group>"; };
		8B0AD6D420DBD1B500C82B28 /* placeholder.png */ = {isa = PBXFileReference; lastKnownFileType = image.png; path = placeholder.png; sourceTree = "<group>"; };
		8B0AD6D620DBD1C500C82B28 /* images.jpeg */ = {isa = PBXFileReference; lastKnownFileType = image.jpeg; name = images.jpeg; path = "Merchant Cafe App/images.jpeg"; sourceTree = SOURCE_ROOT; };
		8B0D8C0120D238370098E0BF /* Reports.storyboard */ = {isa = PBXFileReference; lastKnownFileType = file.storyboard; path = Reports.storyboard; sourceTree = "<group>"; };
		8B0D8C0520D23C9D0098E0BF /* MerchantReportViewController.swift */ = {isa = PBXFileReference; lastKnownFileType = sourcecode.swift; path = MerchantReportViewController.swift; sourceTree = "<group>"; };
		8B2534A620C7FD8A00E5B3CB /* GoogleService-Info.plist */ = {isa = PBXFileReference; fileEncoding = 4; lastKnownFileType = text.plist.xml; path = "GoogleService-Info.plist"; sourceTree = "<group>"; };
		8B2534AA20C8010A00E5B3CB /* OrderDetailViewController.swift */ = {isa = PBXFileReference; fileEncoding = 4; lastKnownFileType = sourcecode.swift; path = OrderDetailViewController.swift; sourceTree = "<group>"; };
		8B2534AE20C8010A00E5B3CB /* OrderDetailTableView.swift */ = {isa = PBXFileReference; fileEncoding = 4; lastKnownFileType = sourcecode.swift; path = OrderDetailTableView.swift; sourceTree = "<group>"; };
		8B2534B320C8012500E5B3CB /* Base */ = {isa = PBXFileReference; lastKnownFileType = file.storyboard; name = Base; path = Base.lproj/OrderDetail.storyboard; sourceTree = "<group>"; };
		8B2534B620C8031A00E5B3CB /* OrderDetail.swift */ = {isa = PBXFileReference; fileEncoding = 4; lastKnownFileType = sourcecode.swift; path = OrderDetail.swift; sourceTree = "<group>"; };
		8B2A3F4C20B4201900F767BF /* Connectivity.swift */ = {isa = PBXFileReference; lastKnownFileType = sourcecode.swift; path = Connectivity.swift; sourceTree = "<group>"; };
		8B42B00120B5819000293A7E /* PreferenceManager.swift */ = {isa = PBXFileReference; lastKnownFileType = sourcecode.swift; path = PreferenceManager.swift; sourceTree = "<group>"; };
		8B4F06DA20B2C711003B28B0 /* LoginViewController.swift */ = {isa = PBXFileReference; lastKnownFileType = sourcecode.swift; path = LoginViewController.swift; sourceTree = "<group>"; };
		8B4F06E220B2E976003B28B0 /* HomeViewController.swift */ = {isa = PBXFileReference; lastKnownFileType = sourcecode.swift; path = HomeViewController.swift; sourceTree = "<group>"; };
		8B55E48720B862B700289F29 /* CustomViews.swift */ = {isa = PBXFileReference; fileEncoding = 4; lastKnownFileType = sourcecode.swift; path = CustomViews.swift; sourceTree = "<group>"; };
		8B55E48A20B8641100289F29 /* Cafe_User-Bridging-Header.h */ = {isa = PBXFileReference; fileEncoding = 4; lastKnownFileType = sourcecode.c.h; path = "Cafe_User-Bridging-Header.h"; sourceTree = "<group>"; };
		8B55E48B20B8641100289F29 /* TPKeyboardAvoidingScrollView.h */ = {isa = PBXFileReference; fileEncoding = 4; lastKnownFileType = sourcecode.c.h; path = TPKeyboardAvoidingScrollView.h; sourceTree = "<group>"; };
		8B55E48C20B8641100289F29 /* TPKeyboardAvoidingScrollView.m */ = {isa = PBXFileReference; fileEncoding = 4; lastKnownFileType = sourcecode.c.objc; path = TPKeyboardAvoidingScrollView.m; sourceTree = "<group>"; };
		8B55E48D20B8641100289F29 /* UIScrollView+TPKeyboardAvoidingAdditions.h */ = {isa = PBXFileReference; fileEncoding = 4; lastKnownFileType = sourcecode.c.h; path = "UIScrollView+TPKeyboardAvoidingAdditions.h"; sourceTree = "<group>"; };
		8B55E48E20B8641100289F29 /* UIScrollView+TPKeyboardAvoidingAdditions.m */ = {isa = PBXFileReference; fileEncoding = 4; lastKnownFileType = sourcecode.c.objc; path = "UIScrollView+TPKeyboardAvoidingAdditions.m"; sourceTree = "<group>"; };
		8B649E4220C1356C00CE3EC8 /* Main.storyboard */ = {isa = PBXFileReference; fileEncoding = 4; lastKnownFileType = file.storyboard; path = Main.storyboard; sourceTree = "<group>"; };
		8B7F975320B9E0D5006E4334 /* CategoryProductViewController.swift */ = {isa = PBXFileReference; lastKnownFileType = sourcecode.swift; path = CategoryProductViewController.swift; sourceTree = "<group>"; };
		8B7F975520BA93E4006E4334 /* placeholder.png */ = {isa = PBXFileReference; lastKnownFileType = image.png; path = placeholder.png; sourceTree = "<group>"; };
		8B7F975820BAA284006E4334 /* Constants.swift */ = {isa = PBXFileReference; fileEncoding = 4; lastKnownFileType = sourcecode.swift; path = Constants.swift; sourceTree = "<group>"; };
		8B7F975B20BAA284006E4334 /* Validate.swift */ = {isa = PBXFileReference; fileEncoding = 4; lastKnownFileType = sourcecode.swift; path = Validate.swift; sourceTree = "<group>"; };
		8B7F976020BABF4E006E4334 /* Category.swift */ = {isa = PBXFileReference; fileEncoding = 4; lastKnownFileType = sourcecode.swift; path = Category.swift; sourceTree = "<group>"; };
		8B7F976220BABF64006E4334 /* CategoryTableView.swift */ = {isa = PBXFileReference; fileEncoding = 4; lastKnownFileType = sourcecode.swift; path = CategoryTableView.swift; sourceTree = "<group>"; };
		8B7F976C20BB2E56006E4334 /* ProductViewController.swift */ = {isa = PBXFileReference; fileEncoding = 4; lastKnownFileType = sourcecode.swift; path = ProductViewController.swift; sourceTree = "<group>"; };
		8B7F976E20BB2E56006E4334 /* Product.swift */ = {isa = PBXFileReference; fileEncoding = 4; lastKnownFileType = sourcecode.swift; path = Product.swift; sourceTree = "<group>"; };
		8B7F977020BB2E56006E4334 /* ProductCollection.swift */ = {isa = PBXFileReference; fileEncoding = 4; lastKnownFileType = sourcecode.swift; path = ProductCollection.swift; sourceTree = "<group>"; };
		8B7F977620BCE35F006E4334 /* ProductOperationsViewController.swift */ = {isa = PBXFileReference; lastKnownFileType = sourcecode.swift; path = ProductOperationsViewController.swift; sourceTree = "<group>"; };
		C383CC9520BD7F97007E83BE /* AddCategoryFormViewController.swift */ = {isa = PBXFileReference; lastKnownFileType = sourcecode.swift; path = AddCategoryFormViewController.swift; sourceTree = "<group>"; };
		C383CC9920BF093C007E83BE /* imageBackground.jpg */ = {isa = PBXFileReference; lastKnownFileType = image.jpeg; path = imageBackground.jpg; sourceTree = "<group>"; };
		C3AD1CD720C68314005A2068 /* SideMenuViewController.swift */ = {isa = PBXFileReference; fileEncoding = 4; lastKnownFileType = sourcecode.swift; path = SideMenuViewController.swift; sourceTree = "<group>"; };
		C3C56D5D20ADAA6500D2B351 /* Merchant Cafe App.app */ = {isa = PBXFileReference; explicitFileType = wrapper.application; includeInIndex = 0; path = "Merchant Cafe App.app"; sourceTree = BUILT_PRODUCTS_DIR; };
		C3C56D6020ADAA6500D2B351 /* AppDelegate.swift */ = {isa = PBXFileReference; lastKnownFileType = sourcecode.swift; path = AppDelegate.swift; sourceTree = "<group>"; };
		C3C56D6220ADAA6500D2B351 /* ViewController.swift */ = {isa = PBXFileReference; lastKnownFileType = sourcecode.swift; path = ViewController.swift; sourceTree = "<group>"; };
		C3C56D6820ADAA6500D2B351 /* Merchant_Cafe_App.xcdatamodel */ = {isa = PBXFileReference; lastKnownFileType = wrapper.xcdatamodel; path = Merchant_Cafe_App.xcdatamodel; sourceTree = "<group>"; };
		C3C56D6A20ADAA6500D2B351 /* Assets.xcassets */ = {isa = PBXFileReference; lastKnownFileType = folder.assetcatalog; path = Assets.xcassets; sourceTree = "<group>"; };
		C3C56D6D20ADAA6500D2B351 /* Base */ = {isa = PBXFileReference; lastKnownFileType = file.storyboard; name = Base; path = Base.lproj/LaunchScreen.storyboard; sourceTree = "<group>"; };
		C3C56D6F20ADAA6500D2B351 /* Info.plist */ = {isa = PBXFileReference; lastKnownFileType = text.plist.xml; path = Info.plist; sourceTree = "<group>"; };
/* End PBXFileReference section */

/* Begin PBXFrameworksBuildPhase section */
		C3C56D5A20ADAA6500D2B351 /* Frameworks */ = {
			isa = PBXFrameworksBuildPhase;
			buildActionMask = 2147483647;
			files = (
				F21DC6065265500F38A49CFE /* Pods_Merchant_Cafe_App.framework in Frameworks */,
			);
			runOnlyForDeploymentPostprocessing = 0;
		};
/* End PBXFrameworksBuildPhase section */

/* Begin PBXGroup section */
		8B0AD6BA20DA246700C82B28 /* DatabaseHandler */ = {
			isa = PBXGroup;
			children = (
				8B0AD6BB20DA246700C82B28 /* DatabaseHandler.swift */,
			);
			path = DatabaseHandler;
			sourceTree = "<group>";
		};
		8B0AD6BD20DA24E300C82B28 /* ProfileScreen */ = {
			isa = PBXGroup;
			children = (
				8B0AD6BE20DA24E300C82B28 /* controller */,
				8B0AD6C120DA24E300C82B28 /* model */,
				8B0AD6C320DA24E300C82B28 /* view */,
			);
			path = ProfileScreen;
			sourceTree = "<group>";
		};
		8B0AD6BE20DA24E300C82B28 /* controller */ = {
			isa = PBXGroup;
			children = (
				8B0AD6BF20DA24E300C82B28 /* ChangePasswordViewController.swift */,
				8B0AD6C020DA24E300C82B28 /* ProfileViewController.swift */,
			);
			path = controller;
			sourceTree = "<group>";
		};
		8B0AD6C120DA24E300C82B28 /* model */ = {
			isa = PBXGroup;
			children = (
				8B0AD6C220DA24E300C82B28 /* User.swift */,
			);
			path = model;
			sourceTree = "<group>";
		};
		8B0AD6C320DA24E300C82B28 /* view */ = {
			isa = PBXGroup;
			children = (
				8B0AD6C420DA24E300C82B28 /* ProfilePicturePicker.swift */,
				8B0AD6C520DA24E300C82B28 /* ProfileValidator.swift */,
			);
			path = view;
			sourceTree = "<group>";
		};
		8B0AD6CD20DB72BB00C82B28 /* model */ = {
			isa = PBXGroup;
			children = (
				8B0AD6CF20DB731500C82B28 /* Config.swift */,
			);
			path = model;
			sourceTree = "<group>";
		};
		8B0AD6D320DBD1B500C82B28 /* Images */ = {
			isa = PBXGroup;
			children = (
				8B0AD6D620DBD1C500C82B28 /* images.jpeg */,
				8B0AD6D420DBD1B500C82B28 /* placeholder.png */,
			);
			path = Images;
			sourceTree = "<group>";
		};
		8B0D8C0320D23C5A0098E0BF /* Reports */ = {
			isa = PBXGroup;
			children = (
				8B0D8C0420D23C6A0098E0BF /* controller */,
			);
			path = Reports;
			sourceTree = "<group>";
		};
		8B0D8C0420D23C6A0098E0BF /* controller */ = {
			isa = PBXGroup;
			children = (
				8B0D8C0520D23C9D0098E0BF /* MerchantReportViewController.swift */,
			);
			path = controller;
			sourceTree = "<group>";
		};
		8B2534A820C8010A00E5B3CB /* OrderDetail */ = {
			isa = PBXGroup;
			children = (
				8B2534A920C8010A00E5B3CB /* controller */,
				8B2534AB20C8010A00E5B3CB /* model */,
				8B2534AD20C8010A00E5B3CB /* view */,
			);
			path = OrderDetail;
			sourceTree = "<group>";
		};
		8B2534A920C8010A00E5B3CB /* controller */ = {
			isa = PBXGroup;
			children = (
				8B2534AA20C8010A00E5B3CB /* OrderDetailViewController.swift */,
			);
			path = controller;
			sourceTree = "<group>";
		};
		8B2534AB20C8010A00E5B3CB /* model */ = {
			isa = PBXGroup;
			children = (
			);
			path = model;
			sourceTree = "<group>";
		};
		8B2534AD20C8010A00E5B3CB /* view */ = {
			isa = PBXGroup;
			children = (
				8B2534AE20C8010A00E5B3CB /* OrderDetailTableView.swift */,
			);
			path = view;
			sourceTree = "<group>";
		};
		8B2534B520C8031A00E5B3CB /* model */ = {
			isa = PBXGroup;
			children = (
				8B2534B620C8031A00E5B3CB /* OrderDetail.swift */,
			);
			path = model;
			sourceTree = "<group>";
		};
		8B2A3F4B20B41FE500F767BF /* Util */ = {
			isa = PBXGroup;
			children = (
				8B55E48920B8641100289F29 /* TPKeyboardAvoiding */,
				8B55E48720B862B700289F29 /* CustomViews.swift */,
				8B2A3F4C20B4201900F767BF /* Connectivity.swift */,
				8B42B00120B5819000293A7E /* PreferenceManager.swift */,
			);
			path = Util;
			sourceTree = "<group>";
		};
		8B4F06D620B2C6BE003B28B0 /* Login */ = {
			isa = PBXGroup;
			children = (
				8B0AD6CD20DB72BB00C82B28 /* model */,
				8B4F06D720B2C6E0003B28B0 /* controller */,
			);
			path = Login;
			sourceTree = "<group>";
		};
		8B4F06D720B2C6E0003B28B0 /* controller */ = {
			isa = PBXGroup;
			children = (
				8B0AD6D120DBAA6400C82B28 /* ForgotPasswordViewController.swift */,
				8B4F06DA20B2C711003B28B0 /* LoginViewController.swift */,
			);
			path = controller;
			sourceTree = "<group>";
		};
		8B4F06DE20B2E940003B28B0 /* Home */ = {
			isa = PBXGroup;
			children = (
				8B2534B520C8031A00E5B3CB /* model */,
				8B4F06E120B2E956003B28B0 /* controller */,
			);
			path = Home;
			sourceTree = "<group>";
		};
		8B4F06E120B2E956003B28B0 /* controller */ = {
			isa = PBXGroup;
			children = (
				8B4F06E220B2E976003B28B0 /* HomeViewController.swift */,
			);
			path = controller;
			sourceTree = "<group>";
		};
		8B55E48920B8641100289F29 /* TPKeyboardAvoiding */ = {
			isa = PBXGroup;
			children = (
				8B55E48A20B8641100289F29 /* Cafe_User-Bridging-Header.h */,
				8B55E48B20B8641100289F29 /* TPKeyboardAvoidingScrollView.h */,
				8B55E48C20B8641100289F29 /* TPKeyboardAvoidingScrollView.m */,
				8B55E48D20B8641100289F29 /* UIScrollView+TPKeyboardAvoidingAdditions.h */,
				8B55E48E20B8641100289F29 /* UIScrollView+TPKeyboardAvoidingAdditions.m */,
			);
			path = TPKeyboardAvoiding;
			sourceTree = "<group>";
		};
		8B7F974D20B9DFB9006E4334 /* Category */ = {
			isa = PBXGroup;
			children = (
				8B7F974E20B9DFB9006E4334 /* controller */,
				8B7F975020B9DFB9006E4334 /* model */,
				8B7F975120B9DFB9006E4334 /* view */,
			);
			path = Category;
			sourceTree = "<group>";
		};
		8B7F974E20B9DFB9006E4334 /* controller */ = {
			isa = PBXGroup;
			children = (
				8B7F975320B9E0D5006E4334 /* CategoryProductViewController.swift */,
				C383CC9520BD7F97007E83BE /* AddCategoryFormViewController.swift */,
			);
			path = controller;
			sourceTree = "<group>";
		};
		8B7F975020B9DFB9006E4334 /* model */ = {
			isa = PBXGroup;
			children = (
				8B7F976020BABF4E006E4334 /* Category.swift */,
			);
			path = model;
			sourceTree = "<group>";
		};
		8B7F975120B9DFB9006E4334 /* view */ = {
			isa = PBXGroup;
			children = (
				8B7F976220BABF64006E4334 /* CategoryTableView.swift */,
			);
			path = view;
			sourceTree = "<group>";
		};
		8B7F975720BAA284006E4334 /* Common_Files */ = {
			isa = PBXGroup;
			children = (
				8B7F975820BAA284006E4334 /* Constants.swift */,
				8B7F975B20BAA284006E4334 /* Validate.swift */,
			);
			path = Common_Files;
			sourceTree = "<group>";
		};
		8B7F976A20BB2E56006E4334 /* ProductView */ = {
			isa = PBXGroup;
			children = (
				8B7F976B20BB2E56006E4334 /* Controller */,
				8B7F976D20BB2E56006E4334 /* Model */,
				8B7F976F20BB2E56006E4334 /* View */,
			);
			path = ProductView;
			sourceTree = "<group>";
		};
		8B7F976B20BB2E56006E4334 /* Controller */ = {
			isa = PBXGroup;
			children = (
				8B7F976C20BB2E56006E4334 /* ProductViewController.swift */,
			);
			path = Controller;
			sourceTree = "<group>";
		};
		8B7F976D20BB2E56006E4334 /* Model */ = {
			isa = PBXGroup;
			children = (
				8B7F976E20BB2E56006E4334 /* Product.swift */,
			);
			path = Model;
			sourceTree = "<group>";
		};
		8B7F976F20BB2E56006E4334 /* View */ = {
			isa = PBXGroup;
			children = (
				8B7F977020BB2E56006E4334 /* ProductCollection.swift */,
			);
			path = View;
			sourceTree = "<group>";
		};
		8B7F977420BCE2BF006E4334 /* ProductOperations */ = {
			isa = PBXGroup;
			children = (
				8B7F977520BCE313006E4334 /* controller */,
			);
			path = ProductOperations;
			sourceTree = "<group>";
		};
		8B7F977520BCE313006E4334 /* controller */ = {
			isa = PBXGroup;
			children = (
				8B7F977620BCE35F006E4334 /* ProductOperationsViewController.swift */,
			);
			path = controller;
			sourceTree = "<group>";
		};
		C3AD1CD620C68314005A2068 /* SideMenu */ = {
			isa = PBXGroup;
			children = (
				C3AD1CD720C68314005A2068 /* SideMenuViewController.swift */,
			);
			path = SideMenu;
			sourceTree = "<group>";
		};
		C3C56D5420ADAA6400D2B351 = {
			isa = PBXGroup;
			children = (
				C3C56D5F20ADAA6500D2B351 /* Merchant Cafe App */,
				C3C56D5E20ADAA6500D2B351 /* Products */,
				DC5F76CB792D1FFAF22A843F /* Pods */,
				E83B7B63778D4CFBC00AF326 /* Frameworks */,
			);
			sourceTree = "<group>";
		};
		C3C56D5E20ADAA6500D2B351 /* Products */ = {
			isa = PBXGroup;
			children = (
				C3C56D5D20ADAA6500D2B351 /* Merchant Cafe App.app */,
			);
			name = Products;
			sourceTree = "<group>";
		};
		C3C56D5F20ADAA6500D2B351 /* Merchant Cafe App */ = {
			isa = PBXGroup;
			children = (
				8B0AD6D320DBD1B500C82B28 /* Images */,
				8B0AD6CB20DA68B000C82B28 /* Merchant Cafe App.entitlements */,
				8B0AD6BD20DA24E300C82B28 /* ProfileScreen */,
				8B0AD6BA20DA246700C82B28 /* DatabaseHandler */,
				8B0D8C0320D23C5A0098E0BF /* Reports */,
				8B2534A820C8010A00E5B3CB /* OrderDetail */,
				C3AD1CD620C68314005A2068 /* SideMenu */,
				8B7F977420BCE2BF006E4334 /* ProductOperations */,
				8B7F976A20BB2E56006E4334 /* ProductView */,
				8B7F975720BAA284006E4334 /* Common_Files */,
				8B7F974D20B9DFB9006E4334 /* Category */,
				8B2A3F4B20B41FE500F767BF /* Util */,
				8B4F06DE20B2E940003B28B0 /* Home */,
				8B4F06D620B2C6BE003B28B0 /* Login */,
				C3C56D6020ADAA6500D2B351 /* AppDelegate.swift */,
				C3C56D6220ADAA6500D2B351 /* ViewController.swift */,
				C3C56D6A20ADAA6500D2B351 /* Assets.xcassets */,
				8B7F975520BA93E4006E4334 /* placeholder.png */,
				8B649E4220C1356C00CE3EC8 /* Main.storyboard */,
				8B2534B220C8012500E5B3CB /* OrderDetail.storyboard */,
				C3C56D6C20ADAA6500D2B351 /* LaunchScreen.storyboard */,
				8B2534A620C7FD8A00E5B3CB /* GoogleService-Info.plist */,
				C3C56D6F20ADAA6500D2B351 /* Info.plist */,
				C383CC9920BF093C007E83BE /* imageBackground.jpg */,
				C3C56D6720ADAA6500D2B351 /* Merchant_Cafe_App.xcdatamodeld */,
				8B0D8C0120D238370098E0BF /* Reports.storyboard */,
			);
			path = "Merchant Cafe App";
			sourceTree = "<group>";
		};
		DC5F76CB792D1FFAF22A843F /* Pods */ = {
			isa = PBXGroup;
			children = (
				4A5071F0D008BAA3D2B87A0C /* Pods-Merchant Cafe App.debug.xcconfig */,
				33284F201A044C7BAD4F6780 /* Pods-Merchant Cafe App.release.xcconfig */,
			);
			name = Pods;
			sourceTree = "<group>";
		};
		E83B7B63778D4CFBC00AF326 /* Frameworks */ = {
			isa = PBXGroup;
			children = (
				00CEC3F148E874CA2405AC5D /* Pods_Merchant_Cafe_App.framework */,
			);
			name = Frameworks;
			sourceTree = "<group>";
		};
/* End PBXGroup section */

/* Begin PBXNativeTarget section */
		C3C56D5C20ADAA6500D2B351 /* Merchant Cafe App */ = {
			isa = PBXNativeTarget;
			buildConfigurationList = C3C56D7220ADAA6500D2B351 /* Build configuration list for PBXNativeTarget "Merchant Cafe App" */;
			buildPhases = (
				A3C3EF08046C773A4DF555D5 /* [CP] Check Pods Manifest.lock */,
				C3C56D5920ADAA6500D2B351 /* Sources */,
				C3C56D5A20ADAA6500D2B351 /* Frameworks */,
				C3C56D5B20ADAA6500D2B351 /* Resources */,
				36ECEC1489A54875E7EBFD9B /* [CP] Embed Pods Frameworks */,
			);
			buildRules = (
			);
			dependencies = (
			);
			name = "Merchant Cafe App";
			productName = "Merchant Cafe App";
			productReference = C3C56D5D20ADAA6500D2B351 /* Merchant Cafe App.app */;
			productType = "com.apple.product-type.application";
		};
/* End PBXNativeTarget section */

/* Begin PBXProject section */
		C3C56D5520ADAA6400D2B351 /* Project object */ = {
			isa = PBXProject;
			attributes = {
				LastSwiftUpdateCheck = 0920;
				LastUpgradeCheck = 0930;
				ORGANIZATIONNAME = "In Time Tec";
				TargetAttributes = {
					C3C56D5C20ADAA6500D2B351 = {
						CreatedOnToolsVersion = 9.2;
						ProvisioningStyle = Manual;
						SystemCapabilities = {
							com.apple.Push = {
								enabled = 1;
							};
						};
					};
				};
			};
			buildConfigurationList = C3C56D5820ADAA6400D2B351 /* Build configuration list for PBXProject "Merchant Cafe App" */;
			compatibilityVersion = "Xcode 8.0";
			developmentRegion = en;
			hasScannedForEncodings = 0;
			knownRegions = (
				en,
				Base,
			);
			mainGroup = C3C56D5420ADAA6400D2B351;
			productRefGroup = C3C56D5E20ADAA6500D2B351 /* Products */;
			projectDirPath = "";
			projectRoot = "";
			targets = (
				C3C56D5C20ADAA6500D2B351 /* Merchant Cafe App */,
			);
		};
/* End PBXProject section */

/* Begin PBXResourcesBuildPhase section */
		C3C56D5B20ADAA6500D2B351 /* Resources */ = {
			isa = PBXResourcesBuildPhase;
			buildActionMask = 2147483647;
			files = (
				8B0D8C0220D238370098E0BF /* Reports.storyboard in Resources */,
				8B0AD6D720DBD1C500C82B28 /* images.jpeg in Resources */,
				C3C56D6E20ADAA6500D2B351 /* LaunchScreen.storyboard in Resources */,
				8B2534B420C8012500E5B3CB /* OrderDetail.storyboard in Resources */,
				C383CC9A20BF093E007E83BE /* imageBackground.jpg in Resources */,
				8B0AD6D520DBD1B500C82B28 /* placeholder.png in Resources */,
				C3C56D6B20ADAA6500D2B351 /* Assets.xcassets in Resources */,
				8B649E4320C1356C00CE3EC8 /* Main.storyboard in Resources */,
				8B7F975620BA93E6006E4334 /* placeholder.png in Resources */,
				8B2534A720C7FD8B00E5B3CB /* GoogleService-Info.plist in Resources */,
			);
			runOnlyForDeploymentPostprocessing = 0;
		};
/* End PBXResourcesBuildPhase section */

/* Begin PBXShellScriptBuildPhase section */
		36ECEC1489A54875E7EBFD9B /* [CP] Embed Pods Frameworks */ = {
			isa = PBXShellScriptBuildPhase;
			buildActionMask = 2147483647;
			files = (
			);
			inputPaths = (
				"${SRCROOT}/Pods/Target Support Files/Pods-Merchant Cafe App/Pods-Merchant Cafe App-frameworks.sh",
				"${BUILT_PRODUCTS_DIR}/ActionSheetPicker-3.0/ActionSheetPicker_3_0.framework",
				"${BUILT_PRODUCTS_DIR}/Alamofire/Alamofire.framework",
				"${BUILT_PRODUCTS_DIR}/AlamofireImage/AlamofireImage.framework",
				"${BUILT_PRODUCTS_DIR}/BoringSSL/openssl.framework",
				"${BUILT_PRODUCTS_DIR}/GTMSessionFetcher/GTMSessionFetcher.framework",
				"${BUILT_PRODUCTS_DIR}/GoogleToolboxForMac/GoogleToolboxForMac.framework",
				"${BUILT_PRODUCTS_DIR}/MBProgressHUD/MBProgressHUD.framework",
				"${BUILT_PRODUCTS_DIR}/Protobuf/Protobuf.framework",
				"${BUILT_PRODUCTS_DIR}/SideMenuSwift/SideMenuSwift.framework",
				"${BUILT_PRODUCTS_DIR}/Toast-Swift/Toast_Swift.framework",
				"${BUILT_PRODUCTS_DIR}/gRPC/GRPCClient.framework",
				"${BUILT_PRODUCTS_DIR}/gRPC-Core/grpc.framework",
				"${BUILT_PRODUCTS_DIR}/gRPC-ProtoRPC/ProtoRPC.framework",
				"${BUILT_PRODUCTS_DIR}/gRPC-RxLibrary/RxLibrary.framework",
				"${BUILT_PRODUCTS_DIR}/leveldb-library/leveldb.framework",
				"${BUILT_PRODUCTS_DIR}/nanopb/nanopb.framework",
			);
			name = "[CP] Embed Pods Frameworks";
			outputPaths = (
				"${TARGET_BUILD_DIR}/${FRAMEWORKS_FOLDER_PATH}/ActionSheetPicker_3_0.framework",
				"${TARGET_BUILD_DIR}/${FRAMEWORKS_FOLDER_PATH}/Alamofire.framework",
				"${TARGET_BUILD_DIR}/${FRAMEWORKS_FOLDER_PATH}/AlamofireImage.framework",
				"${TARGET_BUILD_DIR}/${FRAMEWORKS_FOLDER_PATH}/openssl.framework",
				"${TARGET_BUILD_DIR}/${FRAMEWORKS_FOLDER_PATH}/GTMSessionFetcher.framework",
				"${TARGET_BUILD_DIR}/${FRAMEWORKS_FOLDER_PATH}/GoogleToolboxForMac.framework",
				"${TARGET_BUILD_DIR}/${FRAMEWORKS_FOLDER_PATH}/MBProgressHUD.framework",
				"${TARGET_BUILD_DIR}/${FRAMEWORKS_FOLDER_PATH}/Protobuf.framework",
				"${TARGET_BUILD_DIR}/${FRAMEWORKS_FOLDER_PATH}/SideMenuSwift.framework",
				"${TARGET_BUILD_DIR}/${FRAMEWORKS_FOLDER_PATH}/Toast_Swift.framework",
				"${TARGET_BUILD_DIR}/${FRAMEWORKS_FOLDER_PATH}/GRPCClient.framework",
				"${TARGET_BUILD_DIR}/${FRAMEWORKS_FOLDER_PATH}/grpc.framework",
				"${TARGET_BUILD_DIR}/${FRAMEWORKS_FOLDER_PATH}/ProtoRPC.framework",
				"${TARGET_BUILD_DIR}/${FRAMEWORKS_FOLDER_PATH}/RxLibrary.framework",
				"${TARGET_BUILD_DIR}/${FRAMEWORKS_FOLDER_PATH}/leveldb.framework",
				"${TARGET_BUILD_DIR}/${FRAMEWORKS_FOLDER_PATH}/nanopb.framework",
			);
			runOnlyForDeploymentPostprocessing = 0;
			shellPath = /bin/sh;
			shellScript = "\"${SRCROOT}/Pods/Target Support Files/Pods-Merchant Cafe App/Pods-Merchant Cafe App-frameworks.sh\"\n";
			showEnvVarsInLog = 0;
		};
		A3C3EF08046C773A4DF555D5 /* [CP] Check Pods Manifest.lock */ = {
			isa = PBXShellScriptBuildPhase;
			buildActionMask = 2147483647;
			files = (
			);
			inputPaths = (
				"${PODS_PODFILE_DIR_PATH}/Podfile.lock",
				"${PODS_ROOT}/Manifest.lock",
			);
			name = "[CP] Check Pods Manifest.lock";
			outputPaths = (
				"$(DERIVED_FILE_DIR)/Pods-Merchant Cafe App-checkManifestLockResult.txt",
			);
			runOnlyForDeploymentPostprocessing = 0;
			shellPath = /bin/sh;
			shellScript = "diff \"${PODS_PODFILE_DIR_PATH}/Podfile.lock\" \"${PODS_ROOT}/Manifest.lock\" > /dev/null\nif [ $? != 0 ] ; then\n    # print error to STDERR\n    echo \"error: The sandbox is not in sync with the Podfile.lock. Run 'pod install' or update your CocoaPods installation.\" >&2\n    exit 1\nfi\n# This output is used by Xcode 'outputs' to avoid re-running this script phase.\necho \"SUCCESS\" > \"${SCRIPT_OUTPUT_FILE_0}\"\n";
			showEnvVarsInLog = 0;
		};
/* End PBXShellScriptBuildPhase section */

/* Begin PBXSourcesBuildPhase section */
		C3C56D5920ADAA6500D2B351 /* Sources */ = {
			isa = PBXSourcesBuildPhase;
			buildActionMask = 2147483647;
			files = (
				8B7F977320BB2E56006E4334 /* ProductCollection.swift in Sources */,
				8B7F975F20BAA285006E4334 /* Validate.swift in Sources */,
				8B0AD6D220DBAA6400C82B28 /* ForgotPasswordViewController.swift in Sources */,
				8B55E48820B862C000289F29 /* CustomViews.swift in Sources */,
				8B55E48F20B8641100289F29 /* TPKeyboardAvoidingScrollView.m in Sources */,
				C3AD1CD820C68314005A2068 /* SideMenuViewController.swift in Sources */,
				8B4F06E320B2E976003B28B0 /* HomeViewController.swift in Sources */,
				8B7F977120BB2E56006E4334 /* ProductViewController.swift in Sources */,
				8B7F976320BABF64006E4334 /* CategoryTableView.swift in Sources */,
				8B0AD6C820DA24E300C82B28 /* User.swift in Sources */,
				C3C56D6320ADAA6500D2B351 /* ViewController.swift in Sources */,
				C3C56D6920ADAA6500D2B351 /* Merchant_Cafe_App.xcdatamodeld in Sources */,
				8B2534AF20C8010A00E5B3CB /* OrderDetailViewController.swift in Sources */,
				8B7F976120BABF4E006E4334 /* Category.swift in Sources */,
				8B0AD6C620DA24E300C82B28 /* ChangePasswordViewController.swift in Sources */,
				8B0AD6C920DA24E300C82B28 /* ProfilePicturePicker.swift in Sources */,
				8B55E49020B8641100289F29 /* UIScrollView+TPKeyboardAvoidingAdditions.m in Sources */,
				8B0AD6CA20DA24E300C82B28 /* ProfileValidator.swift in Sources */,
				8B0D8C0620D23C9D0098E0BF /* MerchantReportViewController.swift in Sources */,
				8B7F977220BB2E56006E4334 /* Product.swift in Sources */,
				8B4F06DB20B2C711003B28B0 /* LoginViewController.swift in Sources */,
				8B2534B120C8010A00E5B3CB /* OrderDetailTableView.swift in Sources */,
				8B0AD6C720DA24E300C82B28 /* ProfileViewController.swift in Sources */,
				C383CC9620BD7F97007E83BE /* AddCategoryFormViewController.swift in Sources */,
				8B2534B720C8031A00E5B3CB /* OrderDetail.swift in Sources */,
				8B42B00220B5819000293A7E /* PreferenceManager.swift in Sources */,
				C3C56D6120ADAA6500D2B351 /* AppDelegate.swift in Sources */,
				8B7F977720BCE35F006E4334 /* ProductOperationsViewController.swift in Sources */,
				8B7F975420B9E0D5006E4334 /* CategoryProductViewController.swift in Sources */,
				8B0AD6BC20DA246700C82B28 /* DatabaseHandler.swift in Sources */,
				8B0AD6D020DB731500C82B28 /* Config.swift in Sources */,
				8B7F975C20BAA285006E4334 /* Constants.swift in Sources */,
				8B2A3F4D20B4201900F767BF /* Connectivity.swift in Sources */,
			);
			runOnlyForDeploymentPostprocessing = 0;
		};
/* End PBXSourcesBuildPhase section */

/* Begin PBXVariantGroup section */
		8B2534B220C8012500E5B3CB /* OrderDetail.storyboard */ = {
			isa = PBXVariantGroup;
			children = (
				8B2534B320C8012500E5B3CB /* Base */,
			);
			name = OrderDetail.storyboard;
			sourceTree = "<group>";
		};
		C3C56D6C20ADAA6500D2B351 /* LaunchScreen.storyboard */ = {
			isa = PBXVariantGroup;
			children = (
				C3C56D6D20ADAA6500D2B351 /* Base */,
			);
			name = LaunchScreen.storyboard;
			sourceTree = "<group>";
		};
/* End PBXVariantGroup section */

/* Begin XCBuildConfiguration section */
		C3C56D7020ADAA6500D2B351 /* Debug */ = {
			isa = XCBuildConfiguration;
			buildSettings = {
				ALWAYS_SEARCH_USER_PATHS = NO;
				CLANG_ANALYZER_NONNULL = YES;
				CLANG_ANALYZER_NUMBER_OBJECT_CONVERSION = YES_AGGRESSIVE;
				CLANG_CXX_LANGUAGE_STANDARD = "gnu++14";
				CLANG_CXX_LIBRARY = "libc++";
				CLANG_ENABLE_MODULES = YES;
				CLANG_ENABLE_OBJC_ARC = YES;
				CLANG_WARN_BLOCK_CAPTURE_AUTORELEASING = YES;
				CLANG_WARN_BOOL_CONVERSION = YES;
				CLANG_WARN_COMMA = YES;
				CLANG_WARN_CONSTANT_CONVERSION = YES;
				CLANG_WARN_DEPRECATED_OBJC_IMPLEMENTATIONS = YES;
				CLANG_WARN_DIRECT_OBJC_ISA_USAGE = YES_ERROR;
				CLANG_WARN_DOCUMENTATION_COMMENTS = YES;
				CLANG_WARN_EMPTY_BODY = YES;
				CLANG_WARN_ENUM_CONVERSION = YES;
				CLANG_WARN_INFINITE_RECURSION = YES;
				CLANG_WARN_INT_CONVERSION = YES;
				CLANG_WARN_NON_LITERAL_NULL_CONVERSION = YES;
				CLANG_WARN_OBJC_IMPLICIT_RETAIN_SELF = YES;
				CLANG_WARN_OBJC_LITERAL_CONVERSION = YES;
				CLANG_WARN_OBJC_ROOT_CLASS = YES_ERROR;
				CLANG_WARN_RANGE_LOOP_ANALYSIS = YES;
				CLANG_WARN_STRICT_PROTOTYPES = YES;
				CLANG_WARN_SUSPICIOUS_MOVE = YES;
				CLANG_WARN_UNGUARDED_AVAILABILITY = YES_AGGRESSIVE;
				CLANG_WARN_UNREACHABLE_CODE = YES;
				CLANG_WARN__DUPLICATE_METHOD_MATCH = YES;
				CODE_SIGN_IDENTITY = "iPhone Developer";
				COPY_PHASE_STRIP = NO;
				DEBUG_INFORMATION_FORMAT = dwarf;
				ENABLE_STRICT_OBJC_MSGSEND = YES;
				ENABLE_TESTABILITY = YES;
				GCC_C_LANGUAGE_STANDARD = gnu11;
				GCC_DYNAMIC_NO_PIC = NO;
				GCC_NO_COMMON_BLOCKS = YES;
				GCC_OPTIMIZATION_LEVEL = 0;
				GCC_PREPROCESSOR_DEFINITIONS = (
					"DEBUG=1",
					"$(inherited)",
				);
				GCC_WARN_64_TO_32_BIT_CONVERSION = YES;
				GCC_WARN_ABOUT_RETURN_TYPE = YES_ERROR;
				GCC_WARN_UNDECLARED_SELECTOR = YES;
				GCC_WARN_UNINITIALIZED_AUTOS = YES_AGGRESSIVE;
				GCC_WARN_UNUSED_FUNCTION = YES;
				GCC_WARN_UNUSED_VARIABLE = YES;
				IPHONEOS_DEPLOYMENT_TARGET = 11.2;
				MTL_ENABLE_DEBUG_INFO = YES;
				ONLY_ACTIVE_ARCH = YES;
				SDKROOT = iphoneos;
				SWIFT_ACTIVE_COMPILATION_CONDITIONS = DEBUG;
				SWIFT_OPTIMIZATION_LEVEL = "-Onone";
			};
			name = Debug;
		};
		C3C56D7120ADAA6500D2B351 /* Release */ = {
			isa = XCBuildConfiguration;
			buildSettings = {
				ALWAYS_SEARCH_USER_PATHS = NO;
				CLANG_ANALYZER_NONNULL = YES;
				CLANG_ANALYZER_NUMBER_OBJECT_CONVERSION = YES_AGGRESSIVE;
				CLANG_CXX_LANGUAGE_STANDARD = "gnu++14";
				CLANG_CXX_LIBRARY = "libc++";
				CLANG_ENABLE_MODULES = YES;
				CLANG_ENABLE_OBJC_ARC = YES;
				CLANG_WARN_BLOCK_CAPTURE_AUTORELEASING = YES;
				CLANG_WARN_BOOL_CONVERSION = YES;
				CLANG_WARN_COMMA = YES;
				CLANG_WARN_CONSTANT_CONVERSION = YES;
				CLANG_WARN_DEPRECATED_OBJC_IMPLEMENTATIONS = YES;
				CLANG_WARN_DIRECT_OBJC_ISA_USAGE = YES_ERROR;
				CLANG_WARN_DOCUMENTATION_COMMENTS = YES;
				CLANG_WARN_EMPTY_BODY = YES;
				CLANG_WARN_ENUM_CONVERSION = YES;
				CLANG_WARN_INFINITE_RECURSION = YES;
				CLANG_WARN_INT_CONVERSION = YES;
				CLANG_WARN_NON_LITERAL_NULL_CONVERSION = YES;
				CLANG_WARN_OBJC_IMPLICIT_RETAIN_SELF = YES;
				CLANG_WARN_OBJC_LITERAL_CONVERSION = YES;
				CLANG_WARN_OBJC_ROOT_CLASS = YES_ERROR;
				CLANG_WARN_RANGE_LOOP_ANALYSIS = YES;
				CLANG_WARN_STRICT_PROTOTYPES = YES;
				CLANG_WARN_SUSPICIOUS_MOVE = YES;
				CLANG_WARN_UNGUARDED_AVAILABILITY = YES_AGGRESSIVE;
				CLANG_WARN_UNREACHABLE_CODE = YES;
				CLANG_WARN__DUPLICATE_METHOD_MATCH = YES;
				CODE_SIGN_IDENTITY = "iPhone Developer";
				COPY_PHASE_STRIP = NO;
				DEBUG_INFORMATION_FORMAT = "dwarf-with-dsym";
				ENABLE_NS_ASSERTIONS = NO;
				ENABLE_STRICT_OBJC_MSGSEND = YES;
				GCC_C_LANGUAGE_STANDARD = gnu11;
				GCC_NO_COMMON_BLOCKS = YES;
				GCC_WARN_64_TO_32_BIT_CONVERSION = YES;
				GCC_WARN_ABOUT_RETURN_TYPE = YES_ERROR;
				GCC_WARN_UNDECLARED_SELECTOR = YES;
				GCC_WARN_UNINITIALIZED_AUTOS = YES_AGGRESSIVE;
				GCC_WARN_UNUSED_FUNCTION = YES;
				GCC_WARN_UNUSED_VARIABLE = YES;
				IPHONEOS_DEPLOYMENT_TARGET = 11.2;
				MTL_ENABLE_DEBUG_INFO = NO;
				SDKROOT = iphoneos;
				SWIFT_OPTIMIZATION_LEVEL = "-Owholemodule";
				VALIDATE_PRODUCT = YES;
			};
			name = Release;
		};
		C3C56D7320ADAA6500D2B351 /* Debug */ = {
			isa = XCBuildConfiguration;
			baseConfigurationReference = 4A5071F0D008BAA3D2B87A0C /* Pods-Merchant Cafe App.debug.xcconfig */;
			buildSettings = {
				ASSETCATALOG_COMPILER_APPICON_NAME = AppIcon;
				CODE_SIGN_ENTITLEMENTS = "Merchant Cafe App/Merchant Cafe App.entitlements";
				CODE_SIGN_STYLE = Manual;
				DEVELOPMENT_TEAM = 543BQA7L5F;
				INFOPLIST_FILE = "Merchant Cafe App/Info.plist";
				IPHONEOS_DEPLOYMENT_TARGET = 10.0;
				LD_RUNPATH_SEARCH_PATHS = "$(inherited) @executable_path/Frameworks";
				PRODUCT_BUNDLE_IDENTIFIER = com.itt.cafemanagement;
				PRODUCT_NAME = "$(TARGET_NAME)";
				PROVISIONING_PROFILE = "d1e59b0a-7df7-4b91-be3c-c1c1b1204ebb";
				PROVISIONING_PROFILE_SPECIFIER = CafeMerchantDev;
				SWIFT_VERSION = 4.0;
				TARGETED_DEVICE_FAMILY = "1,2";
			};
			name = Debug;
		};
		C3C56D7420ADAA6500D2B351 /* Release */ = {
			isa = XCBuildConfiguration;
			baseConfigurationReference = 33284F201A044C7BAD4F6780 /* Pods-Merchant Cafe App.release.xcconfig */;
			buildSettings = {
				ASSETCATALOG_COMPILER_APPICON_NAME = AppIcon;
				CODE_SIGN_ENTITLEMENTS = "Merchant Cafe App/Merchant Cafe App.entitlements";
				CODE_SIGN_STYLE = Manual;
				DEVELOPMENT_TEAM = 543BQA7L5F;
				INFOPLIST_FILE = "Merchant Cafe App/Info.plist";
				IPHONEOS_DEPLOYMENT_TARGET = 10.0;
				LD_RUNPATH_SEARCH_PATHS = "$(inherited) @executable_path/Frameworks";
				PRODUCT_BUNDLE_IDENTIFIER = com.itt.cafemanagement;
				PRODUCT_NAME = "$(TARGET_NAME)";
				PROVISIONING_PROFILE = "d1e59b0a-7df7-4b91-be3c-c1c1b1204ebb";
				PROVISIONING_PROFILE_SPECIFIER = CafeMerchantDev;
				SWIFT_VERSION = 4.0;
				TARGETED_DEVICE_FAMILY = "1,2";
			};
			name = Release;
		};
/* End XCBuildConfiguration section */

/* Begin XCConfigurationList section */
		C3C56D5820ADAA6400D2B351 /* Build configuration list for PBXProject "Merchant Cafe App" */ = {
			isa = XCConfigurationList;
			buildConfigurations = (
				C3C56D7020ADAA6500D2B351 /* Debug */,
				C3C56D7120ADAA6500D2B351 /* Release */,
			);
			defaultConfigurationIsVisible = 0;
			defaultConfigurationName = Release;
		};
		C3C56D7220ADAA6500D2B351 /* Build configuration list for PBXNativeTarget "Merchant Cafe App" */ = {
			isa = XCConfigurationList;
			buildConfigurations = (
				C3C56D7320ADAA6500D2B351 /* Debug */,
				C3C56D7420ADAA6500D2B351 /* Release */,
			);
			defaultConfigurationIsVisible = 0;
			defaultConfigurationName = Release;
		};
/* End XCConfigurationList section */

/* Begin XCVersionGroup section */
		C3C56D6720ADAA6500D2B351 /* Merchant_Cafe_App.xcdatamodeld */ = {
			isa = XCVersionGroup;
			children = (
				C3C56D6820ADAA6500D2B351 /* Merchant_Cafe_App.xcdatamodel */,
			);
			currentVersion = C3C56D6820ADAA6500D2B351 /* Merchant_Cafe_App.xcdatamodel */;
			path = Merchant_Cafe_App.xcdatamodeld;
			sourceTree = "<group>";
			versionGroupType = wrapper.xcdatamodel;
		};
/* End XCVersionGroup section */
	};
	rootObject = C3C56D5520ADAA6400D2B351 /* Project object */;
}
